Microsoft Visual Studio Solution File, Format Version 11.00
# Visual Studio 2010
Project("{FAE04EC0-301F-11D3-BF4B-00C04F79EFBC}") = "FileFind", "FileFind.csproj", "{50A3A3B8-A035-4000-A3CE-5A7280A2DE2A}"
EndProject
Global
	GlobalSection(SolutionConfigurationPlatforms) = preSolution
		Debug|Any CPU = Debug|Any CPU
		Release|Any CPU = Release|Any CPU
	EndGlobalSection
	GlobalSection(ProjectConfigurationPlatforms) = postSolution
		{50A3A3B8-A035-4000-A3CE-5A7280A2DE2A}.Debug|Any CPU.ActiveCfg = Debug|Any CPU
		{50A3A3B8-A035-4000-A3CE-5A7280A2DE2A}.Debug|Any CPU.Build.0 = Debug|Any CPU
		{50A3A3B8-A035-4000-A3CE-5A7280A2DE2A}.Release|Any CPU.ActiveCfg = Release|Any CPU
		{50A3A3B8-A035-4000-A3CE-5A7280A2DE2A}.Release|Any CPU.Build.0 = Release|Any CPU
	EndGlobalSection
	GlobalSection(SolutionProperties) = preSolution
		HideSolutionNode = FALSE
	EndGlobalSection
EndGlobal
